
Microsoft Visual Studio Solution File, Format Version 12.00
# Visual Studio Version 17
Project("{8BC9CEB8-8B4A-11D0-8D11-00A0C91BC942}") = "ALL_BUILD", "ALL_BUILD.vcxproj", "{6E79AC7D-DCBD-376A-A090-91C43B4274BF}"
	ProjectSection(ProjectDependencies) = postProject
		{8E962C7A-1146-33AC-9B96-1C192C7BD141} = {8E962C7A-1146-33AC-9B96-1C192C7BD141}
	EndProjectSection
EndProject
Project("{8BC9CEB8-8B4A-11D0-8D11-00A0C91BC942}") = "ZERO_CHECK", "ZERO_CHECK.vcxproj", "{8E962C7A-1146-33AC-9B96-1C192C7BD141}"
	ProjectSection(ProjectDependencies) = postProject
	EndProjectSection
EndProject
Global
	GlobalSection(SolutionConfigurationPlatforms) = preSolution
		Debug|x64 = Debug|x64
		Release|x64 = Release|x64
		MinSizeRel|x64 = MinSizeRel|x64
		RelWithDebInfo|x64 = RelWithDebInfo|x64
	EndGlobalSection
	GlobalSection(ProjectConfigurationPlatforms) = postSolution
		{6E79AC7D-DCBD-376A-A090-91C43B4274BF}.Debug|x64.ActiveCfg = Debug|x64
		{6E79AC7D-DCBD-376A-A090-91C43B4274BF}.Release|x64.ActiveCfg = Release|x64
		{6E79AC7D-DCBD-376A-A090-91C43B4274BF}.MinSizeRel|x64.ActiveCfg = MinSizeRel|x64
		{6E79AC7D-DCBD-376A-A090-91C43B4274BF}.RelWithDebInfo|x64.ActiveCfg = RelWithDebInfo|x64
		{8E962C7A-1146-33AC-9B96-1C192C7BD141}.Debug|x64.ActiveCfg = Debug|x64
		{8E962C7A-1146-33AC-9B96-1C192C7BD141}.Debug|x64.Build.0 = Debug|x64
		{8E962C7A-1146-33AC-9B96-1C192C7BD141}.Release|x64.ActiveCfg = Release|x64
		{8E962C7A-1146-33AC-9B96-1C192C7BD141}.Release|x64.Build.0 = Release|x64
		{8E962C7A-1146-33AC-9B96-1C192C7BD141}.MinSizeRel|x64.ActiveCfg = MinSizeRel|x64
		{8E962C7A-1146-33AC-9B96-1C192C7BD141}.MinSizeRel|x64.Build.0 = MinSizeRel|x64
		{8E962C7A-1146-33AC-9B96-1C192C7BD141}.RelWithDebInfo|x64.ActiveCfg = RelWithDebInfo|x64
		{8E962C7A-1146-33AC-9B96-1C192C7BD141}.RelWithDebInfo|x64.Build.0 = RelWithDebInfo|x64
	EndGlobalSection
	GlobalSection(ExtensibilityGlobals) = postSolution
		SolutionGuid = {64C48471-6103-391A-AAAD-2D11F55CAEE0}
	EndGlobalSection
	GlobalSection(ExtensibilityAddIns) = postSolution
	EndGlobalSection
EndGlobal
