<?xml version="1.0" encoding="utf-8"?>
<Project ToolsVersion="4.0" xmlns="http://schemas.microsoft.com/developer/msbuild/2003">
  <ItemGroup>
    <Filter Include="Source Files">
      <UniqueIdentifier>{4FC737F1-C7A5-4376-A066-2A32D752A2FF}</UniqueIdentifier>
      <Extensions>cpp;c;cc;cxx;c++;cppm;ixx;def;odl;idl;hpj;bat;asm;asmx</Extensions>
    </Filter>
    <Filter Include="Header Files">
      <UniqueIdentifier>{93995380-89BD-4b04-88EB-625FBE52EBFB}</UniqueIdentifier>
      <Extensions>h;hh;hpp;hxx;h++;hm;inl;inc;ipp;xsd</Extensions>
    </Filter>
    <Filter Include="Resource Files">
      <UniqueIdentifier>{67DA6AB6-F800-4c08-8B7A-83BB121AAD01}</UniqueIdentifier>
      <Extensions>rc;ico;cur;bmp;dlg;rc2;rct;bin;rgs;gif;jpg;jpeg;jpe;resx;tiff;tif;png;wav;mfcribbon-ms</Extensions>
    </Filter>
  </ItemGroup>
  <ItemGroup>
    <ClCompile Include="main.cpp">
      <Filter>Source Files</Filter>
    </ClCompile>
    <ClCompile Include="tests\bomberman_tests.cpp">
      <Filter>Source Files</Filter>
    </ClCompile>
    <ClCompile Include="Entities\Player\Player.cpp">
      <Filter>Source Files</Filter>
    </ClCompile>
    <ClCompile Include="Entities\Enemy\Enemy.cpp">
      <Filter>Source Files</Filter>
    </ClCompile>
    <ClCompile Include="Entities\Entity.cpp">
      <Filter>Source Files</Filter>
    </ClCompile>
    <ClCompile Include="Items\Item.cpp">
      <Filter>Source Files</Filter>
    </ClCompile>
    <ClCompile Include="Items\Bomb.cpp">
      <Filter>Source Files</Filter>
    </ClCompile>
    <ClCompile Include="Items\Box.cpp">
      <Filter>Source Files</Filter>
    </ClCompile>
    <ClCompile Include="Game Board\GameBoard.cpp">
      <Filter>Source Files</Filter>
    </ClCompile>
    <ClCompile Include="Items\Wall.cpp">
      <Filter>Source Files</Filter>
    </ClCompile>
    <ClCompile Include="Game Board\StoryModeBoard.cpp">
      <Filter>Source Files</Filter>
    </ClCompile>
    <ClCompile Include="Game Board\VersusModeBoard.cpp">
      <Filter>Source Files</Filter>
    </ClCompile>
    <ClCompile Include="Items\Door.cpp">
      <Filter>Source Files</Filter>
    </ClCompile>
    <ClCompile Include="Items\Explosion.cpp">
      <Filter>Source Files</Filter>
    </ClCompile>
    <ClCompile Include="Game\Game.cpp">
      <Filter>Source Files</Filter>
    </ClCompile>
    <ClCompile Include="Menu\Menu.cpp">
      <Filter>Source Files</Filter>
    </ClCompile>
    <ClCompile Include="Menu\MainMenu.cpp">
      <Filter>Source Files</Filter>
    </ClCompile>
    <ClCompile Include="Menu\CreditsMenu.cpp">
      <Filter>Source Files</Filter>
    </ClCompile>
    <ClCompile Include="Menu\ChooseGameMenu.cpp">
      <Filter>Source Files</Filter>
    </ClCompile>
    <ClCompile Include="Menu\ChooseModeMenu.cpp">
      <Filter>Source Files</Filter>
    </ClCompile>
    <ClCompile Include="Menu\PauseMenu.cpp">
      <Filter>Source Files</Filter>
    </ClCompile>
    <ClCompile Include="Menu2\Menu.cpp">
      <Filter>Source Files</Filter>
    </ClCompile>
    <ClCompile Include="Menu2\Button.cpp">
      <Filter>Source Files</Filter>
    </ClCompile>
    <ClCompile Include="Menu2\MainMenu.cpp">
      <Filter>Source Files</Filter>
    </ClCompile>
    <ClCompile Include="Menu2\ChoseSaveMenu.cpp">
      <Filter>Source Files</Filter>
    </ClCompile>
  </ItemGroup>
  <ItemGroup>
    <ClInclude Include="tests\catch.hpp">
      <Filter>Header Files</Filter>
    </ClInclude>
    <ClInclude Include="Entities\Enemy\Enemy.h">
      <Filter>Header Files</Filter>
    </ClInclude>
    <ClInclude Include="Entities\Player\Player.h">
      <Filter>Header Files</Filter>
    </ClInclude>
    <ClInclude Include="Entities\Entity.h">
      <Filter>Header Files</Filter>
    </ClInclude>
    <ClInclude Include="Items\Item.h">
      <Filter>Header Files</Filter>
    </ClInclude>
    <ClInclude Include="Consts.h">
      <Filter>Header Files</Filter>
    </ClInclude>
    <ClInclude Include="Items\Bomb.h">
      <Filter>Header Files</Filter>
    </ClInclude>
    <ClInclude Include="Items\Box.h">
      <Filter>Header Files</Filter>
    </ClInclude>
    <ClInclude Include="Exceptions\Item_exceptions.h">
      <Filter>Header Files</Filter>
    </ClInclude>
    <ClInclude Include="Game Board\GameBoard.h">
      <Filter>Header Files</Filter>
    </ClInclude>
    <ClInclude Include="Items\Wall.h">
      <Filter>Header Files</Filter>
    </ClInclude>
    <ClInclude Include="Game Board\StoryModeBoard.h">
      <Filter>Header Files</Filter>
    </ClInclude>
    <ClInclude Include="Game Board\VersusModeBoard.h">
      <Filter>Header Files</Filter>
    </ClInclude>
    <ClInclude Include="Items\Door.h">
      <Filter>Header Files</Filter>
    </ClInclude>
    <ClInclude Include="Items\Explosion.h">
      <Filter>Header Files</Filter>
    </ClInclude>
    <ClInclude Include="Game\Game.h">
      <Filter>Header Files</Filter>
    </ClInclude>
    <ClInclude Include="Menu\Menu.h">
      <Filter>Header Files</Filter>
    </ClInclude>
    <ClInclude Include="Menu\MainMenu.h">
      <Filter>Header Files</Filter>
    </ClInclude>
    <ClInclude Include="Menu\CreditsMenu.h">
      <Filter>Header Files</Filter>
    </ClInclude>
    <ClInclude Include="Menu\ChooseGameMenu.h">
      <Filter>Header Files</Filter>
    </ClInclude>
    <ClInclude Include="Menu\ChooseModeMenu.h">
      <Filter>Header Files</Filter>
    </ClInclude>
    <ClInclude Include="Menu\PauseMenu.h">
      <Filter>Header Files</Filter>
    </ClInclude>
    <ClInclude Include="Exceptions\enemy_exteptions.h">
      <Filter>Header Files</Filter>
    </ClInclude>
    <ClInclude Include="Exceptions\menus_exceptions.h">
      <Filter>Header Files</Filter>
    </ClInclude>
    <ClInclude Include="Menu2\Menu.h">
      <Filter>Header Files</Filter>
    </ClInclude>
    <ClInclude Include="Menu2\Button.h">
      <Filter>Header Files</Filter>
    </ClInclude>
    <ClInclude Include="Menu2\MainMenu.h">
      <Filter>Header Files</Filter>
    </ClInclude>
    <ClInclude Include="Menu2\ChoseSaveMenu.h">
      <Filter>Header Files</Filter>
    </ClInclude>
  </ItemGroup>
  <ItemGroup>
    <None Include="README.md">
      <Filter>Source Files</Filter>
    </None>
  </ItemGroup>
</Project>